
Microsoft Visual Studio Solution File, Format Version 12.00
# Visual Studio Version 17
VisualStudioVersion = 17.3.32922.545
MinimumVisualStudioVersion = 10.0.40219.1
Project("{FAE04EC0-301F-11D3-BF4B-00C04F79EFBC}") = "projekt_hotel", "projekt_hotel.csproj", "{24AC01ED-C44C-4C4F-8012-9F79BF300108}"
EndProject
Global
	GlobalSection(SolutionConfigurationPlatforms) = preSolution
		Debug|Any CPU = Debug|Any CPU
		Release|Any CPU = Release|Any CPU
	EndGlobalSection
	GlobalSection(ProjectConfigurationPlatforms) = postSolution
		{24AC01ED-C44C-4C4F-8012-9F79BF300108}.Debug|Any CPU.ActiveCfg = Debug|Any CPU
		{24AC01ED-C44C-4C4F-8012-9F79BF300108}.Debug|Any CPU.Build.0 = Debug|Any CPU
		{24AC01ED-C44C-4C4F-8012-9F79BF300108}.Release|Any CPU.ActiveCfg = Release|Any CPU
		{24AC01ED-C44C-4C4F-8012-9F79BF300108}.Release|Any CPU.Build.0 = Release|Any CPU
	EndGlobalSection
	GlobalSection(SolutionProperties) = preSolution
		HideSolutionNode = FALSE
	EndGlobalSection
	GlobalSection(ExtensibilityGlobals) = postSolution
		SolutionGuid = {9FE1279B-52D4-4F83-97DB-99F9404768F1}
	EndGlobalSection
EndGlobal
